
Microsoft Visual Studio Solution File, Format Version 12.00
# Visual Studio 15
VisualStudioVersion = 15.0.28307.539
MinimumVisualStudioVersion = 10.0.40219.1
Project("{2150E333-8FDC-42A3-9474-1A3956D46DE8}") = "1 - Presentation", "1 - Presentation", "{11D2DD2F-F70E-40E3-8E0B-001763EB9885}"
EndProject
Project("{2150E333-8FDC-42A3-9474-1A3956D46DE8}") = "2 - Services", "2 - Services", "{C9B23D0F-7BAB-4A1B-B213-67E1C8288301}"
EndProject
Project("{2150E333-8FDC-42A3-9474-1A3956D46DE8}") = "3 - Application", "3 - Application", "{C038565D-F6F0-4389-A7B7-9AA265957114}"
EndProject
Project("{2150E333-8FDC-42A3-9474-1A3956D46DE8}") = "4 - Domain", "4 - Domain", "{C0F3465C-0455-4C45-9826-42FB02996734}"
EndProject
Project("{2150E333-8FDC-42A3-9474-1A3956D46DE8}") = "5 - Infra", "5 - Infra", "{0E259D75-304B-4448-8D7A-8BCE86631AB9}"
EndProject
Project("{2150E333-8FDC-42A3-9474-1A3956D46DE8}") = "5.1 - Data", "5.1 - Data", "{9A036234-1893-40CD-AE1D-70E2D2642EA4}"
EndProject
Project("{2150E333-8FDC-42A3-9474-1A3956D46DE8}") = "5.2 - CrossCuting", "5.2 - CrossCuting", "{2F4A87D5-595F-4416-8643-DB5108A29FD9}"
EndProject
Project("{2150E333-8FDC-42A3-9474-1A3956D46DE8}") = "Solution Items", "Solution Items", "{A2C35A95-490F-47EC-93CF-81E2FB3A736A}"
	ProjectSection(SolutionItems) = preProject
		global.json = global.json
	EndProjectSection
EndProject
Project("{9A19103F-16F7-4668-BE54-9A1E7A4F7556}") = "Eventos.IO.Domain", "src\Eventos.IO.Domain\Eventos.IO.Domain.csproj", "{E6EFB965-3C2E-4B88-9F8A-0FE363874F31}"
EndProject
Project("{9A19103F-16F7-4668-BE54-9A1E7A4F7556}") = "Eventos.IO.Domain.Core", "src\Eventos.IO.Domain.Core\Eventos.IO.Domain.Core.csproj", "{88017B5D-5338-49FD-A40F-2F57031FBB6F}"
EndProject
Project("{9A19103F-16F7-4668-BE54-9A1E7A4F7556}") = "Eventos.IO.Infra.Data", "src\Eventos.IO.Infra.Data\Eventos.IO.Infra.Data.csproj", "{11832240-34DF-4663-AB47-37B8E7A0F213}"
EndProject
Global
	GlobalSection(SolutionConfigurationPlatforms) = preSolution
		Debug|Any CPU = Debug|Any CPU
		Release|Any CPU = Release|Any CPU
	EndGlobalSection
	GlobalSection(ProjectConfigurationPlatforms) = postSolution
		{E6EFB965-3C2E-4B88-9F8A-0FE363874F31}.Debug|Any CPU.ActiveCfg = Debug|Any CPU
		{E6EFB965-3C2E-4B88-9F8A-0FE363874F31}.Debug|Any CPU.Build.0 = Debug|Any CPU
		{E6EFB965-3C2E-4B88-9F8A-0FE363874F31}.Release|Any CPU.ActiveCfg = Release|Any CPU
		{E6EFB965-3C2E-4B88-9F8A-0FE363874F31}.Release|Any CPU.Build.0 = Release|Any CPU
		{88017B5D-5338-49FD-A40F-2F57031FBB6F}.Debug|Any CPU.ActiveCfg = Debug|Any CPU
		{88017B5D-5338-49FD-A40F-2F57031FBB6F}.Debug|Any CPU.Build.0 = Debug|Any CPU
		{88017B5D-5338-49FD-A40F-2F57031FBB6F}.Release|Any CPU.ActiveCfg = Release|Any CPU
		{88017B5D-5338-49FD-A40F-2F57031FBB6F}.Release|Any CPU.Build.0 = Release|Any CPU
		{11832240-34DF-4663-AB47-37B8E7A0F213}.Debug|Any CPU.ActiveCfg = Debug|Any CPU
		{11832240-34DF-4663-AB47-37B8E7A0F213}.Debug|Any CPU.Build.0 = Debug|Any CPU
		{11832240-34DF-4663-AB47-37B8E7A0F213}.Release|Any CPU.ActiveCfg = Release|Any CPU
		{11832240-34DF-4663-AB47-37B8E7A0F213}.Release|Any CPU.Build.0 = Release|Any CPU
	EndGlobalSection
	GlobalSection(SolutionProperties) = preSolution
		HideSolutionNode = FALSE
	EndGlobalSection
	GlobalSection(NestedProjects) = preSolution
		{9A036234-1893-40CD-AE1D-70E2D2642EA4} = {0E259D75-304B-4448-8D7A-8BCE86631AB9}
		{2F4A87D5-595F-4416-8643-DB5108A29FD9} = {0E259D75-304B-4448-8D7A-8BCE86631AB9}
		{E6EFB965-3C2E-4B88-9F8A-0FE363874F31} = {C0F3465C-0455-4C45-9826-42FB02996734}
		{88017B5D-5338-49FD-A40F-2F57031FBB6F} = {C0F3465C-0455-4C45-9826-42FB02996734}
		{11832240-34DF-4663-AB47-37B8E7A0F213} = {9A036234-1893-40CD-AE1D-70E2D2642EA4}
	EndGlobalSection
	GlobalSection(ExtensibilityGlobals) = postSolution
		SolutionGuid = {96DA6417-B339-4A12-B528-D06E76103D25}
	EndGlobalSection
EndGlobal
